<?xml version="1.0" encoding="utf-8"?>
<Project ToolsVersion="4.0" xmlns="http://schemas.microsoft.com/developer/msbuild/2003">
  <ItemGroup>
    <Filter Include="Source Files">
      <UniqueIdentifier>{4FC737F1-C7A5-4376-A066-2A32D752A2FF}</UniqueIdentifier>
      <Extensions>cpp;c;cc;cxx;def;odl;idl;hpj;bat;asm;asmx</Extensions>
    </Filter>
    <Filter Include="Header Files">
      <UniqueIdentifier>{93995380-89BD-4b04-88EB-625FBE52EBFB}</UniqueIdentifier>
      <Extensions>h;hpp;hxx;hm;inl;inc;xsd</Extensions>
    </Filter>
    <Filter Include="Win32Res">
      <UniqueIdentifier>{67DA6AB6-F800-4c08-8B7A-83BB121AAD01}</UniqueIdentifier>
      <Extensions>rc;ico;cur;bmp;dlg;rc2;rct;bin;rgs;gif;jpg;jpeg;jpe;resx;tiff;tif;png;wav</Extensions>
    </Filter>
    <Filter Include="Resources">
      <UniqueIdentifier>{64c93967-d0cf-4a43-ad42-2c66dc66c5b8}</UniqueIdentifier>
    </Filter>
    <Filter Include="Resources\Shaders">
      <UniqueIdentifier>{579c080a-717e-429b-8b01-ae9eccb5ad2f}</UniqueIdentifier>
    </Filter>
    <Filter Include="Header Files\Managers">
      <UniqueIdentifier>{6025254d-ee6a-4cf3-b375-130f8b5e665f}</UniqueIdentifier>
    </Filter>
    <Filter Include="Source Files\Managers">
      <UniqueIdentifier>{04f8edf2-84ff-4005-b9f6-6da756ce35d5}</UniqueIdentifier>
    </Filter>
    <Filter Include="Header Files\Scene Components">
      <UniqueIdentifier>{5471b465-907c-47f3-9ddb-cd54b4547526}</UniqueIdentifier>
    </Filter>
    <Filter Include="Source Files\Scene Components">
      <UniqueIdentifier>{ff6d5811-255f-4ea0-afdb-6cb457261da3}</UniqueIdentifier>
    </Filter>
    <Filter Include="Header Files\Resource Components">
      <UniqueIdentifier>{dedf87de-46f7-41fa-be13-79d397af8a97}</UniqueIdentifier>
    </Filter>
    <Filter Include="Source Files\Resource Components">
      <UniqueIdentifier>{a55a3d5d-8672-4910-b484-5586af6b2b8c}</UniqueIdentifier>
    </Filter>
  </ItemGroup>
  <ItemGroup>
    <ClCompile Include="stdafx.cpp">
      <Filter>Source Files</Filter>
    </ClCompile>
    <ClCompile Include="ResourceManager.cpp">
      <Filter>Source Files\Managers</Filter>
    </ClCompile>
    <ClCompile Include="SceneManager.cpp">
      <Filter>Source Files\Managers</Filter>
    </ClCompile>
    <ClCompile Include="Shaders.cpp">
      <Filter>Source Files\Resource Components</Filter>
    </ClCompile>
    <ClCompile Include="Camera.cpp">
      <Filter>Source Files\Scene Components</Filter>
    </ClCompile>
    <ClCompile Include="SceneObject.cpp">
      <Filter>Source Files\Scene Components</Filter>
    </ClCompile>
    <ClCompile Include="NewTrainingFramework.cpp">
      <Filter>Source Files</Filter>
    </ClCompile>
    <ClCompile Include="Model.cpp">
      <Filter>Source Files\Resource Components</Filter>
    </ClCompile>
    <ClCompile Include="Texture.cpp">
      <Filter>Source Files\Resource Components</Filter>
    </ClCompile>
    <ClCompile Include="Globals.cpp">
      <Filter>Source Files</Filter>
    </ClCompile>
    <ClCompile Include="InputController.cpp">
      <Filter>Source Files\Scene Components</Filter>
    </ClCompile>
    <ClCompile Include="Terrain.cpp">
      <Filter>Source Files\Scene Components</Filter>
    </ClCompile>
    <ClCompile Include="SkyBox.cpp">
      <Filter>Source Files\Scene Components</Filter>
    </ClCompile>
    <ClCompile Include="Fire.cpp">
      <Filter>Source Files\Scene Components</Filter>
    </ClCompile>
    <ClCompile Include="LightSource.cpp">
      <Filter>Source Files\Scene Components</Filter>
    </ClCompile>
  </ItemGroup>
  <ItemGroup>
    <ClInclude Include="Globals.h">
      <Filter>Header Files</Filter>
    </ClInclude>
    <ClInclude Include="stdafx.h">
      <Filter>Header Files</Filter>
    </ClInclude>
    <ClInclude Include="targetver.h">
      <Filter>Header Files</Filter>
    </ClInclude>
    <ClInclude Include="ResourceManager.h">
      <Filter>Header Files\Managers</Filter>
    </ClInclude>
    <ClInclude Include="SceneManager.h">
      <Filter>Header Files\Managers</Filter>
    </ClInclude>
    <ClInclude Include="Shaders.h">
      <Filter>Header Files\Resource Components</Filter>
    </ClInclude>
    <ClInclude Include="Vertex.h">
      <Filter>Header Files\Resource Components</Filter>
    </ClInclude>
    <ClInclude Include="Camera.h">
      <Filter>Header Files\Scene Components</Filter>
    </ClInclude>
    <ClInclude Include="SceneObject.h">
      <Filter>Header Files\Scene Components</Filter>
    </ClInclude>
    <ClInclude Include="Model.h">
      <Filter>Header Files\Resource Components</Filter>
    </ClInclude>
    <ClInclude Include="Resource.h">
      <Filter>Header Files\Resource Components</Filter>
    </ClInclude>
    <ClInclude Include="Texture.h">
      <Filter>Header Files\Resource Components</Filter>
    </ClInclude>
    <ClInclude Include="InputController.h">
      <Filter>Header Files\Scene Components</Filter>
    </ClInclude>
    <ClInclude Include="Terrain.h">
      <Filter>Header Files\Scene Components</Filter>
    </ClInclude>
    <ClInclude Include="SkyBox.h">
      <Filter>Header Files\Scene Components</Filter>
    </ClInclude>
    <ClInclude Include="Fire.h">
      <Filter>Header Files\Scene Components</Filter>
    </ClInclude>
    <ClInclude Include="LightSource.h">
      <Filter>Header Files\Scene Components</Filter>
    </ClInclude>
  </ItemGroup>
  <ItemGroup>
    <None Include="..\Resources\Shaders\TriangleShaderFS.fs">
      <Filter>Resources\Shaders</Filter>
    </None>
    <None Include="..\Resources\Shaders\TriangleShaderVS.vs">
      <Filter>Resources\Shaders</Filter>
    </None>
    <None Include="..\..\Readme.doc" />
    <None Include="..\Resources\Res\Shaders\modelShader.fs">
      <Filter>Resources\Shaders</Filter>
    </None>
    <None Include="..\Resources\Res\Shaders\modelShader.vs">
      <Filter>Resources\Shaders</Filter>
    </None>
    <None Include="..\Resources\Res\Shaders\terrainShader.fs">
      <Filter>Resources\Shaders</Filter>
    </None>
    <None Include="..\Resources\Res\Shaders\terrainShader.vs">
      <Filter>Resources\Shaders</Filter>
    </None>
    <None Include="..\Resources\Res\Shaders\skyShader.fs">
      <Filter>Resources\Shaders</Filter>
    </None>
    <None Include="..\Resources\Res\Shaders\skyShader.vs">
      <Filter>Resources\Shaders</Filter>
    </None>
    <None Include="..\Resources\Res\Shaders\fireShader.fs">
      <Filter>Resources\Shaders</Filter>
    </None>
    <None Include="..\Resources\Res\Shaders\fireShader.vs">
      <Filter>Resources\Shaders</Filter>
    </None>
  </ItemGroup>
</Project>